
Microsoft Visual Studio Solution File, Format Version 12.00
# Visual Studio Version 16
VisualStudioVersion = 16.0.30907.101
MinimumVisualStudioVersion = 10.0.40219.1
Project("{9A19103F-16F7-4668-BE54-9A1E7A4F7556}") = "Reading_RSS_feed", "Reading_RSS_feed\Reading_RSS_feed.csproj", "{78EC153C-7993-4F1B-A307-35FA68BF6AD4}"
EndProject
Project("{FAE04EC0-301F-11D3-BF4B-00C04F79EFBC}") = "Web", "Web\Web.csproj", "{EC9C9723-38B5-4A04-8D5E-6643DA4C7ED8}"
EndProject
Global
	GlobalSection(SolutionConfigurationPlatforms) = preSolution
		Debug|Any CPU = Debug|Any CPU
		Release|Any CPU = Release|Any CPU
	EndGlobalSection
	GlobalSection(ProjectConfigurationPlatforms) = postSolution
		{78EC153C-7993-4F1B-A307-35FA68BF6AD4}.Debug|Any CPU.ActiveCfg = Debug|Any CPU
		{78EC153C-7993-4F1B-A307-35FA68BF6AD4}.Debug|Any CPU.Build.0 = Debug|Any CPU
		{78EC153C-7993-4F1B-A307-35FA68BF6AD4}.Release|Any CPU.ActiveCfg = Release|Any CPU
		{78EC153C-7993-4F1B-A307-35FA68BF6AD4}.Release|Any CPU.Build.0 = Release|Any CPU
		{EC9C9723-38B5-4A04-8D5E-6643DA4C7ED8}.Debug|Any CPU.ActiveCfg = Debug|Any CPU
		{EC9C9723-38B5-4A04-8D5E-6643DA4C7ED8}.Debug|Any CPU.Build.0 = Debug|Any CPU
		{EC9C9723-38B5-4A04-8D5E-6643DA4C7ED8}.Release|Any CPU.ActiveCfg = Release|Any CPU
		{EC9C9723-38B5-4A04-8D5E-6643DA4C7ED8}.Release|Any CPU.Build.0 = Release|Any CPU
	EndGlobalSection
	GlobalSection(SolutionProperties) = preSolution
		HideSolutionNode = FALSE
	EndGlobalSection
	GlobalSection(ExtensibilityGlobals) = postSolution
		SolutionGuid = {2772EC30-FD16-4410-85BC-4EE9B116151E}
	EndGlobalSection
EndGlobal
